Microsoft Visual Studio Solution File, Format Version 12.00
# Visual Studio Version 16
VisualStudioVersion = 16.0.28922.388
MinimumVisualStudioVersion = 10.0.40219.1
Project("{FAE04EC0-301F-11D3-BF4B-00C04F79EFBC}") = "NetReflectorCore", "NetReflectorCore\NetReflectorCore.csproj", "{B17DCC21-1625-4331-972E-8173B1E098C9}"
EndProject
Project("{FAE04EC0-301F-11D3-BF4B-00C04F79EFBC}") = "NetReflectorCorePluginTest", "NetReflectorCorePluginTest\NetReflectorCorePluginTest.csproj", "{AAD160F6-21DF-4704-891A-82276216C452}"
EndProject
Project("{FAE04EC0-301F-11D3-BF4B-00C04F79EFBC}") = "NetReflectorCoreTest", "NetReflectorCoreTest\NetReflectorCoreTest.csproj", "{7272111C-7200-4D37-8852-40F6F73C407E}"
EndProject
Global
	GlobalSection(SolutionConfigurationPlatforms) = preSolution
		Debug|Any CPU = Debug|Any CPU
		Release|Any CPU = Release|Any CPU
	EndGlobalSection
	GlobalSection(ProjectConfigurationPlatforms) = postSolution
		{B17DCC21-1625-4331-972E-8173B1E098C9}.Debug|Any CPU.ActiveCfg = Debug|Any CPU
		{B17DCC21-1625-4331-972E-8173B1E098C9}.Debug|Any CPU.Build.0 = Debug|Any CPU
		{B17DCC21-1625-4331-972E-8173B1E098C9}.Release|Any CPU.ActiveCfg = Release|Any CPU
		{B17DCC21-1625-4331-972E-8173B1E098C9}.Release|Any CPU.Build.0 = Release|Any CPU
		{AAD160F6-21DF-4704-891A-82276216C452}.Debug|Any CPU.ActiveCfg = Debug|Any CPU
		{AAD160F6-21DF-4704-891A-82276216C452}.Debug|Any CPU.Build.0 = Debug|Any CPU
		{AAD160F6-21DF-4704-891A-82276216C452}.Release|Any CPU.ActiveCfg = Release|Any CPU
		{AAD160F6-21DF-4704-891A-82276216C452}.Release|Any CPU.Build.0 = Release|Any CPU
		{7272111C-7200-4D37-8852-40F6F73C407E}.Debug|Any CPU.ActiveCfg = Debug|Any CPU
		{7272111C-7200-4D37-8852-40F6F73C407E}.Debug|Any CPU.Build.0 = Debug|Any CPU
		{7272111C-7200-4D37-8852-40F6F73C407E}.Release|Any CPU.ActiveCfg = Release|Any CPU
		{7272111C-7200-4D37-8852-40F6F73C407E}.Release|Any CPU.Build.0 = Release|Any CPU
	EndGlobalSection
	GlobalSection(SolutionProperties) = preSolution
		HideSolutionNode = FALSE
	EndGlobalSection
	GlobalSection(ExtensibilityGlobals) = postSolution
		SolutionGuid = {42BBE1CE-1209-451A-9C8D-DE7DDF5BA2C6}
	EndGlobalSection
EndGlobal
